GEM
  remote: http://rubygems.org/
  specs:
    i18n (0.5.0)
    mocha (0.9.9)
      rake
    rake (0.8.7)
    sequel (3.30.0)
    sequel_bitemporal (0.4.0)
      sequel (~> 3.30.0)
    sqlite3-ruby (1.3.1)
    test_declarative (0.0.5)

PLATFORMS
  ruby

DEPENDENCIES
  i18n (~> 0.5.0)
  mocha
  rake
  sequel_bitemporal (~> 0.4.0)
  sqlite3-ruby
  test_declarative
